
Microsoft Visual Studio Solution File, Format Version 12.00
# Visual Studio Version 17
VisualStudioVersion = 17.10.35013.160
MinimumVisualStudioVersion = 10.0.40219.1
Project("{FAE04EC0-301F-11D3-BF4B-00C04F79EFBC}") = "CarRentwithDB", "CarRentwithDB\CarRentwithDB.csproj", "{C7A34304-2052-4AB6-85FD-30BD99D5CC53}"
EndProject
Global
	GlobalSection(SolutionConfigurationPlatforms) = preSolution
		Debug|Any CPU = Debug|Any CPU
		Release|Any CPU = Release|Any CPU
	EndGlobalSection
	GlobalSection(ProjectConfigurationPlatforms) = postSolution
		{C7A34304-2052-4AB6-85FD-30BD99D5CC53}.Debug|Any CPU.ActiveCfg = Debug|Any CPU
		{C7A34304-2052-4AB6-85FD-30BD99D5CC53}.Debug|Any CPU.Build.0 = Debug|Any CPU
		{C7A34304-2052-4AB6-85FD-30BD99D5CC53}.Release|Any CPU.ActiveCfg = Release|Any CPU
		{C7A34304-2052-4AB6-85FD-30BD99D5CC53}.Release|Any CPU.Build.0 = Release|Any CPU
	EndGlobalSection
	GlobalSection(SolutionProperties) = preSolution
		HideSolutionNode = FALSE
	EndGlobalSection
	GlobalSection(ExtensibilityGlobals) = postSolution
		SolutionGuid = {CF8D52D5-2CCC-4803-8D28-C7D87C92151E}
	EndGlobalSection
EndGlobal
